github.com/csgura/di v0.2.8 h1:w/24BV3UkteO7TdWTLxbS0R7SkMi6FNK2ZehItuOjs4=
github.com/csgura/di v0.2.8/go.mod h1:ATa9kTBMPMFXT00Ml2H1xza6v0weI+IsW6npQSsyWGs=
github.com/go-akka/configuration v0.0.0-20190919102339-a31c845c4b1b h1:3tSuByOnOGg2omcAAUD5zY+tHBzwl5LgbXaUzZoxSsI=
github.com/go-akka/configuration v0.0.0-20190919102339-a31c845c4b1b/go.mod h1:19bUnum2ZAeftfwwLZ/wRe7idyfoW2MfmXO464Hrfbw=
